
Microsoft Visual Studio Solution File, Format Version 12.00
# Visual Studio 15
VisualStudioVersion = 15.0.28307.902
MinimumVisualStudioVersion = 10.0.40219.1
Project("{8BC9CEB8-8B4A-11D0-8D11-00A0C91BC942}") = "RRR", "RRR\RRR.vcxproj", "{8A71F550-AC5C-4A03-9884-2832DD37F608}"
EndProject
Global
	GlobalSection(SolutionConfigurationPlatforms) = preSolution
		Debug|x64 = Debug|x64
		Debug|x86 = Debug|x86
		Release|x64 = Release|x64
		Release|x86 = Release|x86
	EndGlobalSection
	GlobalSection(ProjectConfigurationPlatforms) = postSolution
		{8A71F550-AC5C-4A03-9884-2832DD37F608}.Debug|x64.ActiveCfg = Debug|x64
		{8A71F550-AC5C-4A03-9884-2832DD37F608}.Debug|x64.Build.0 = Debug|x64
		{8A71F550-AC5C-4A03-9884-2832DD37F608}.Debug|x86.ActiveCfg = Debug|Win32
		{8A71F550-AC5C-4A03-9884-2832DD37F608}.Debug|x86.Build.0 = Debug|Win32
		{8A71F550-AC5C-4A03-9884-2832DD37F608}.Release|x64.ActiveCfg = Release|x64
		{8A71F550-AC5C-4A03-9884-2832DD37F608}.Release|x64.Build.0 = Release|x64
		{8A71F550-AC5C-4A03-9884-2832DD37F608}.Release|x86.ActiveCfg = Release|Win32
		{8A71F550-AC5C-4A03-9884-2832DD37F608}.Release|x86.Build.0 = Release|Win32
	EndGlobalSection
	GlobalSection(SolutionProperties) = preSolution
		HideSolutionNode = FALSE
	EndGlobalSection
	GlobalSection(ExtensibilityGlobals) = postSolution
		SolutionGuid = {857080CD-D06B-41C8-9FEA-A3A36D179D4A}
	EndGlobalSection
EndGlobal
